
Microsoft Visual Studio Solution File, Format Version 10.00
# Visual Studio 2008
Project("{FAE04EC0-301F-11D3-BF4B-00C04F79EFBC}") = "Hotel", "Hotel\Hotel.csproj", "{BD9A0351-0A78-47BA-B3A7-1EEF5D63ACB5}"
EndProject
Project("{2150E333-8FDC-42A3-9474-1A3956D46DE8}") = "Solution Items", "Solution Items", "{1DB548F3-0332-4E8B-B480-ECA06FAB08A1}"
	ProjectSection(SolutionItems) = preProject
		hotel.vsmdi = hotel.vsmdi
	EndProjectSection
EndProject
Project("{FAE04EC0-301F-11D3-BF4B-00C04F79EFBC}") = "Hotel.Tests", "Hotel.Tests\Hotel.Tests.csproj", "{D9ECB9CE-ACD4-483F-9AF1-C399F2C9CF8A}"
EndProject
Global
	GlobalSection(TestCaseManagementSettings) = postSolution
		CategoryFile = Hotel.vsmdi
	EndGlobalSection
	GlobalSection(SolutionConfigurationPlatforms) = preSolution
		Debug|Any CPU = Debug|Any CPU
		Release|Any CPU = Release|Any CPU
	EndGlobalSection
	GlobalSection(ProjectConfigurationPlatforms) = postSolution
		{BD9A0351-0A78-47BA-B3A7-1EEF5D63ACB5}.Debug|Any CPU.ActiveCfg = Debug|Any CPU
		{BD9A0351-0A78-47BA-B3A7-1EEF5D63ACB5}.Debug|Any CPU.Build.0 = Debug|Any CPU
		{BD9A0351-0A78-47BA-B3A7-1EEF5D63ACB5}.Release|Any CPU.ActiveCfg = Release|Any CPU
		{BD9A0351-0A78-47BA-B3A7-1EEF5D63ACB5}.Release|Any CPU.Build.0 = Release|Any CPU
		{D9ECB9CE-ACD4-483F-9AF1-C399F2C9CF8A}.Debug|Any CPU.ActiveCfg = Debug|Any CPU
		{D9ECB9CE-ACD4-483F-9AF1-C399F2C9CF8A}.Debug|Any CPU.Build.0 = Debug|Any CPU
		{D9ECB9CE-ACD4-483F-9AF1-C399F2C9CF8A}.Release|Any CPU.ActiveCfg = Release|Any CPU
		{D9ECB9CE-ACD4-483F-9AF1-C399F2C9CF8A}.Release|Any CPU.Build.0 = Release|Any CPU
	EndGlobalSection
	GlobalSection(SolutionProperties) = preSolution
		HideSolutionNode = FALSE
	EndGlobalSection
EndGlobal
